
Microsoft Visual Studio Solution File, Format Version 12.00
# Visual Studio Version 17
VisualStudioVersion = 17.0.31903.59
MinimumVisualStudioVersion = 10.0.40219.1
Project("{2150E333-8FDC-42A3-9474-1A3956D46DE8}") = "src", "src", "{5F4CBD66-8055-4311-99CA-3DC33E19E78A}"
EndProject
Project("{2150E333-8FDC-42A3-9474-1A3956D46DE8}") = "Backend", "Backend", "{415BD85A-ED60-451F-BAB3-1990D71453B0}"
EndProject
Project("{FAE04EC0-301F-11D3-BF4B-00C04F79EFBC}") = "GodRiftGG.API", "GodRiftGG.API\GodRiftGG.API.csproj", "{105E6667-F735-4A65-ABD9-044196D78A61}"
EndProject
Project("{FAE04EC0-301F-11D3-BF4B-00C04F79EFBC}") = "GodRiftGG.Infrastructure", "src\Backend\GodRiftGG.Infrastructure\GodRiftGG.Infrastructure.csproj", "{C0641427-480A-4DBA-B960-B6E5FAF8D728}"
EndProject
Project("{FAE04EC0-301F-11D3-BF4B-00C04F79EFBC}") = "GodRiftGG.Domain", "src\Backend\GodRiftGG.Domain\GodRiftGG.Domain.csproj", "{E36B7C1A-1596-402B-8E29-363BC92473DB}"
EndProject
Project("{FAE04EC0-301F-11D3-BF4B-00C04F79EFBC}") = "GodRiftGG.Application", "src\Backend\GodRiftGG.Application\GodRiftGG.Application.csproj", "{6814F7AF-C112-4F5A-800A-D8FD93CF302F}"
EndProject
Project("{2150E333-8FDC-42A3-9474-1A3956D46DE8}") = "Mobile", "Mobile", "{110F76A7-E6C5-D396-9504-B08ED403EB92}"
EndProject
Project("{2150E333-8FDC-42A3-9474-1A3956D46DE8}") = "tests", "tests", "{0AB3BF05-4346-4AA6-1389-037BE0695223}"
EndProject
Project("{2150E333-8FDC-42A3-9474-1A3956D46DE8}") = "Shared", "Shared", "{1552657C-D35B-BA68-BF1E-3D6DB23B2126}"
EndProject
Project("{FAE04EC0-301F-11D3-BF4B-00C04F79EFBC}") = "GodRiftGG.Communication", "src\Backend\Shared\GodRiftGG.Communication\GodRiftGG.Communication.csproj", "{2793C8A3-C08B-45C6-B1BD-7574D2127E33}"
EndProject
Project("{FAE04EC0-301F-11D3-BF4B-00C04F79EFBC}") = "GodRiftGG.Exceptions", "src\Backend\Shared\GodRiftGG.Exceptions\GodRiftGG.Exceptions.csproj", "{99BE8EB6-B15D-47AB-8540-B12EB3D214A4}"
EndProject
Global
	GlobalSection(SolutionConfigurationPlatforms) = preSolution
		Debug|Any CPU = Debug|Any CPU
		Debug|x64 = Debug|x64
		Debug|x86 = Debug|x86
		Release|Any CPU = Release|Any CPU
		Release|x64 = Release|x64
		Release|x86 = Release|x86
	EndGlobalSection
	GlobalSection(ProjectConfigurationPlatforms) = postSolution
		{105E6667-F735-4A65-ABD9-044196D78A61}.Debug|Any CPU.ActiveCfg = Debug|Any CPU
		{105E6667-F735-4A65-ABD9-044196D78A61}.Debug|Any CPU.Build.0 = Debug|Any CPU
		{105E6667-F735-4A65-ABD9-044196D78A61}.Debug|x64.ActiveCfg = Debug|Any CPU
		{105E6667-F735-4A65-ABD9-044196D78A61}.Debug|x64.Build.0 = Debug|Any CPU
		{105E6667-F735-4A65-ABD9-044196D78A61}.Debug|x86.ActiveCfg = Debug|Any CPU
		{105E6667-F735-4A65-ABD9-044196D78A61}.Debug|x86.Build.0 = Debug|Any CPU
		{105E6667-F735-4A65-ABD9-044196D78A61}.Release|Any CPU.ActiveCfg = Release|Any CPU
		{105E6667-F735-4A65-ABD9-044196D78A61}.Release|Any CPU.Build.0 = Release|Any CPU
		{105E6667-F735-4A65-ABD9-044196D78A61}.Release|x64.ActiveCfg = Release|Any CPU
		{105E6667-F735-4A65-ABD9-044196D78A61}.Release|x64.Build.0 = Release|Any CPU
		{105E6667-F735-4A65-ABD9-044196D78A61}.Release|x86.ActiveCfg = Release|Any CPU
		{105E6667-F735-4A65-ABD9-044196D78A61}.Release|x86.Build.0 = Release|Any CPU
		{C0641427-480A-4DBA-B960-B6E5FAF8D728}.Debug|Any CPU.ActiveCfg = Debug|Any CPU
		{C0641427-480A-4DBA-B960-B6E5FAF8D728}.Debug|Any CPU.Build.0 = Debug|Any CPU
		{C0641427-480A-4DBA-B960-B6E5FAF8D728}.Debug|x64.ActiveCfg = Debug|Any CPU
		{C0641427-480A-4DBA-B960-B6E5FAF8D728}.Debug|x64.Build.0 = Debug|Any CPU
		{C0641427-480A-4DBA-B960-B6E5FAF8D728}.Debug|x86.ActiveCfg = Debug|Any CPU
		{C0641427-480A-4DBA-B960-B6E5FAF8D728}.Debug|x86.Build.0 = Debug|Any CPU
		{C0641427-480A-4DBA-B960-B6E5FAF8D728}.Release|Any CPU.ActiveCfg = Release|Any CPU
		{C0641427-480A-4DBA-B960-B6E5FAF8D728}.Release|Any CPU.Build.0 = Release|Any CPU
		{C0641427-480A-4DBA-B960-B6E5FAF8D728}.Release|x64.ActiveCfg = Release|Any CPU
		{C0641427-480A-4DBA-B960-B6E5FAF8D728}.Release|x64.Build.0 = Release|Any CPU
		{C0641427-480A-4DBA-B960-B6E5FAF8D728}.Release|x86.ActiveCfg = Release|Any CPU
		{C0641427-480A-4DBA-B960-B6E5FAF8D728}.Release|x86.Build.0 = Release|Any CPU
		{E36B7C1A-1596-402B-8E29-363BC92473DB}.Debug|Any CPU.ActiveCfg = Debug|Any CPU
		{E36B7C1A-1596-402B-8E29-363BC92473DB}.Debug|Any CPU.Build.0 = Debug|Any CPU
		{E36B7C1A-1596-402B-8E29-363BC92473DB}.Debug|x64.ActiveCfg = Debug|Any CPU
		{E36B7C1A-1596-402B-8E29-363BC92473DB}.Debug|x64.Build.0 = Debug|Any CPU
		{E36B7C1A-1596-402B-8E29-363BC92473DB}.Debug|x86.ActiveCfg = Debug|Any CPU
		{E36B7C1A-1596-402B-8E29-363BC92473DB}.Debug|x86.Build.0 = Debug|Any CPU
		{E36B7C1A-1596-402B-8E29-363BC92473DB}.Release|Any CPU.ActiveCfg = Release|Any CPU
		{E36B7C1A-1596-402B-8E29-363BC92473DB}.Release|Any CPU.Build.0 = Release|Any CPU
		{E36B7C1A-1596-402B-8E29-363BC92473DB}.Release|x64.ActiveCfg = Release|Any CPU
		{E36B7C1A-1596-402B-8E29-363BC92473DB}.Release|x64.Build.0 = Release|Any CPU
		{E36B7C1A-1596-402B-8E29-363BC92473DB}.Release|x86.ActiveCfg = Release|Any CPU
		{E36B7C1A-1596-402B-8E29-363BC92473DB}.Release|x86.Build.0 = Release|Any CPU
		{6814F7AF-C112-4F5A-800A-D8FD93CF302F}.Debug|Any CPU.ActiveCfg = Debug|Any CPU
		{6814F7AF-C112-4F5A-800A-D8FD93CF302F}.Debug|Any CPU.Build.0 = Debug|Any CPU
		{6814F7AF-C112-4F5A-800A-D8FD93CF302F}.Debug|x64.ActiveCfg = Debug|Any CPU
		{6814F7AF-C112-4F5A-800A-D8FD93CF302F}.Debug|x64.Build.0 = Debug|Any CPU
		{6814F7AF-C112-4F5A-800A-D8FD93CF302F}.Debug|x86.ActiveCfg = Debug|Any CPU
		{6814F7AF-C112-4F5A-800A-D8FD93CF302F}.Debug|x86.Build.0 = Debug|Any CPU
		{6814F7AF-C112-4F5A-800A-D8FD93CF302F}.Release|Any CPU.ActiveCfg = Release|Any CPU
		{6814F7AF-C112-4F5A-800A-D8FD93CF302F}.Release|Any CPU.Build.0 = Release|Any CPU
		{6814F7AF-C112-4F5A-800A-D8FD93CF302F}.Release|x64.ActiveCfg = Release|Any CPU
		{6814F7AF-C112-4F5A-800A-D8FD93CF302F}.Release|x64.Build.0 = Release|Any CPU
		{6814F7AF-C112-4F5A-800A-D8FD93CF302F}.Release|x86.ActiveCfg = Release|Any CPU
		{6814F7AF-C112-4F5A-800A-D8FD93CF302F}.Release|x86.Build.0 = Release|Any CPU
		{2793C8A3-C08B-45C6-B1BD-7574D2127E33}.Debug|Any CPU.ActiveCfg = Debug|Any CPU
		{2793C8A3-C08B-45C6-B1BD-7574D2127E33}.Debug|Any CPU.Build.0 = Debug|Any CPU
		{2793C8A3-C08B-45C6-B1BD-7574D2127E33}.Debug|x64.ActiveCfg = Debug|Any CPU
		{2793C8A3-C08B-45C6-B1BD-7574D2127E33}.Debug|x64.Build.0 = Debug|Any CPU
		{2793C8A3-C08B-45C6-B1BD-7574D2127E33}.Debug|x86.ActiveCfg = Debug|Any CPU
		{2793C8A3-C08B-45C6-B1BD-7574D2127E33}.Debug|x86.Build.0 = Debug|Any CPU
		{2793C8A3-C08B-45C6-B1BD-7574D2127E33}.Release|Any CPU.ActiveCfg = Release|Any CPU
		{2793C8A3-C08B-45C6-B1BD-7574D2127E33}.Release|Any CPU.Build.0 = Release|Any CPU
		{2793C8A3-C08B-45C6-B1BD-7574D2127E33}.Release|x64.ActiveCfg = Release|Any CPU
		{2793C8A3-C08B-45C6-B1BD-7574D2127E33}.Release|x64.Build.0 = Release|Any CPU
		{2793C8A3-C08B-45C6-B1BD-7574D2127E33}.Release|x86.ActiveCfg = Release|Any CPU
		{2793C8A3-C08B-45C6-B1BD-7574D2127E33}.Release|x86.Build.0 = Release|Any CPU
		{99BE8EB6-B15D-47AB-8540-B12EB3D214A4}.Debug|Any CPU.ActiveCfg = Debug|Any CPU
		{99BE8EB6-B15D-47AB-8540-B12EB3D214A4}.Debug|Any CPU.Build.0 = Debug|Any CPU
		{99BE8EB6-B15D-47AB-8540-B12EB3D214A4}.Debug|x64.ActiveCfg = Debug|Any CPU
		{99BE8EB6-B15D-47AB-8540-B12EB3D214A4}.Debug|x64.Build.0 = Debug|Any CPU
		{99BE8EB6-B15D-47AB-8540-B12EB3D214A4}.Debug|x86.ActiveCfg = Debug|Any CPU
		{99BE8EB6-B15D-47AB-8540-B12EB3D214A4}.Debug|x86.Build.0 = Debug|Any CPU
		{99BE8EB6-B15D-47AB-8540-B12EB3D214A4}.Release|Any CPU.ActiveCfg = Release|Any CPU
		{99BE8EB6-B15D-47AB-8540-B12EB3D214A4}.Release|Any CPU.Build.0 = Release|Any CPU
		{99BE8EB6-B15D-47AB-8540-B12EB3D214A4}.Release|x64.ActiveCfg = Release|Any CPU
		{99BE8EB6-B15D-47AB-8540-B12EB3D214A4}.Release|x64.Build.0 = Release|Any CPU
		{99BE8EB6-B15D-47AB-8540-B12EB3D214A4}.Release|x86.ActiveCfg = Release|Any CPU
		{99BE8EB6-B15D-47AB-8540-B12EB3D214A4}.Release|x86.Build.0 = Release|Any CPU
	EndGlobalSection
	GlobalSection(SolutionProperties) = preSolution
		HideSolutionNode = FALSE
	EndGlobalSection
	GlobalSection(NestedProjects) = preSolution
		{415BD85A-ED60-451F-BAB3-1990D71453B0} = {5F4CBD66-8055-4311-99CA-3DC33E19E78A}
		{105E6667-F735-4A65-ABD9-044196D78A61} = {415BD85A-ED60-451F-BAB3-1990D71453B0}
		{C0641427-480A-4DBA-B960-B6E5FAF8D728} = {415BD85A-ED60-451F-BAB3-1990D71453B0}
		{E36B7C1A-1596-402B-8E29-363BC92473DB} = {415BD85A-ED60-451F-BAB3-1990D71453B0}
		{6814F7AF-C112-4F5A-800A-D8FD93CF302F} = {415BD85A-ED60-451F-BAB3-1990D71453B0}
		{110F76A7-E6C5-D396-9504-B08ED403EB92} = {415BD85A-ED60-451F-BAB3-1990D71453B0}
		{1552657C-D35B-BA68-BF1E-3D6DB23B2126} = {415BD85A-ED60-451F-BAB3-1990D71453B0}
		{2793C8A3-C08B-45C6-B1BD-7574D2127E33} = {1552657C-D35B-BA68-BF1E-3D6DB23B2126}
		{99BE8EB6-B15D-47AB-8540-B12EB3D214A4} = {1552657C-D35B-BA68-BF1E-3D6DB23B2126}
	EndGlobalSection
EndGlobal
