
Microsoft Visual Studio Solution File, Format Version 12.00
# Visual Studio Version 17
VisualStudioVersion = 17.0.31903.59
MinimumVisualStudioVersion = 10.0.40219.1
Project("{2150E333-8FDC-42A3-9474-1A3956D46DE8}") = "src", "src", "{BFF2F710-0E81-4CA4-8142-863202F8EEF9}"
EndProject
Project("{2150E333-8FDC-42A3-9474-1A3956D46DE8}") = "Backend", "Backend", "{07D810AD-32DE-4CF9-B0AD-8B29B13265C6}"
EndProject
Project("{FAE04EC0-301F-11D3-BF4B-00C04F79EFBC}") = "GodRiftGG.API", "src\Backend\GodRiftGG.API\GodRiftGG.API.csproj", "{04D65ED7-6EDF-4CCF-B14A-1E734AEA9BA5}"
EndProject
Project("{2150E333-8FDC-42A3-9474-1A3956D46DE8}") = "tests", "tests", "{0AB3BF05-4346-4AA6-1389-037BE0695223}"
EndProject
Project("{FAE04EC0-301F-11D3-BF4B-00C04F79EFBC}") = "GodRiftGG.Application", "src\Backend\GodRiftGG.Application\GodRiftGG.Application.csproj", "{41096952-4A0D-45E8-9D2E-85A81BF4BE50}"
EndProject
Project("{FAE04EC0-301F-11D3-BF4B-00C04F79EFBC}") = "GodRiftGG.Domain", "src\Backend\GodRiftGG.Domain\GodRiftGG.Domain.csproj", "{BC3EC002-42E8-4147-B5FE-40E19E3DF505}"
EndProject
Project("{FAE04EC0-301F-11D3-BF4B-00C04F79EFBC}") = "GodRiftGG.Infrastructure", "src\Backend\GodRiftGG.Infrastructure\GodRiftGG.Infrastructure.csproj", "{A79C3B45-177F-4289-BA5C-A3E014AF5002}"
EndProject
Project("{2150E333-8FDC-42A3-9474-1A3956D46DE8}") = "Shared", "Shared", "{DE889690-0C15-4A8C-0E26-9A156ECB6F49}"
EndProject
Project("{2150E333-8FDC-42A3-9474-1A3956D46DE8}") = "Mobile", "Mobile", "{637FB9B2-244F-88BD-849D-39BEA861AE8B}"
EndProject
Project("{FAE04EC0-301F-11D3-BF4B-00C04F79EFBC}") = "GodRiftGG.Communication", "src\Backend\Shared\GodRiftGG.Communication\GodRiftGG.Communication.csproj", "{284B9051-63CE-48EE-B53D-B5C9E28AFED5}"
EndProject
Project("{FAE04EC0-301F-11D3-BF4B-00C04F79EFBC}") = "GodRiftGG.Exceptions", "src\Backend\Shared\GodRiftGG.Exceptions\GodRiftGG.Exceptions.csproj", "{A1C26D1A-23AB-43B7-8E39-DB5DF5303601}"
EndProject
Global
	GlobalSection(SolutionConfigurationPlatforms) = preSolution
		Debug|Any CPU = Debug|Any CPU
		Debug|x64 = Debug|x64
		Debug|x86 = Debug|x86
		Release|Any CPU = Release|Any CPU
		Release|x64 = Release|x64
		Release|x86 = Release|x86
	EndGlobalSection
	GlobalSection(ProjectConfigurationPlatforms) = postSolution
		{04D65ED7-6EDF-4CCF-B14A-1E734AEA9BA5}.Debug|Any CPU.ActiveCfg = Debug|Any CPU
		{04D65ED7-6EDF-4CCF-B14A-1E734AEA9BA5}.Debug|Any CPU.Build.0 = Debug|Any CPU
		{04D65ED7-6EDF-4CCF-B14A-1E734AEA9BA5}.Debug|x64.ActiveCfg = Debug|Any CPU
		{04D65ED7-6EDF-4CCF-B14A-1E734AEA9BA5}.Debug|x64.Build.0 = Debug|Any CPU
		{04D65ED7-6EDF-4CCF-B14A-1E734AEA9BA5}.Debug|x86.ActiveCfg = Debug|Any CPU
		{04D65ED7-6EDF-4CCF-B14A-1E734AEA9BA5}.Debug|x86.Build.0 = Debug|Any CPU
		{04D65ED7-6EDF-4CCF-B14A-1E734AEA9BA5}.Release|Any CPU.ActiveCfg = Release|Any CPU
		{04D65ED7-6EDF-4CCF-B14A-1E734AEA9BA5}.Release|Any CPU.Build.0 = Release|Any CPU
		{04D65ED7-6EDF-4CCF-B14A-1E734AEA9BA5}.Release|x64.ActiveCfg = Release|Any CPU
		{04D65ED7-6EDF-4CCF-B14A-1E734AEA9BA5}.Release|x64.Build.0 = Release|Any CPU
		{04D65ED7-6EDF-4CCF-B14A-1E734AEA9BA5}.Release|x86.ActiveCfg = Release|Any CPU
		{04D65ED7-6EDF-4CCF-B14A-1E734AEA9BA5}.Release|x86.Build.0 = Release|Any CPU
		{41096952-4A0D-45E8-9D2E-85A81BF4BE50}.Debug|Any CPU.ActiveCfg = Debug|Any CPU
		{41096952-4A0D-45E8-9D2E-85A81BF4BE50}.Debug|Any CPU.Build.0 = Debug|Any CPU
		{41096952-4A0D-45E8-9D2E-85A81BF4BE50}.Debug|x64.ActiveCfg = Debug|Any CPU
		{41096952-4A0D-45E8-9D2E-85A81BF4BE50}.Debug|x64.Build.0 = Debug|Any CPU
		{41096952-4A0D-45E8-9D2E-85A81BF4BE50}.Debug|x86.ActiveCfg = Debug|Any CPU
		{41096952-4A0D-45E8-9D2E-85A81BF4BE50}.Debug|x86.Build.0 = Debug|Any CPU
		{41096952-4A0D-45E8-9D2E-85A81BF4BE50}.Release|Any CPU.ActiveCfg = Release|Any CPU
		{41096952-4A0D-45E8-9D2E-85A81BF4BE50}.Release|Any CPU.Build.0 = Release|Any CPU
		{41096952-4A0D-45E8-9D2E-85A81BF4BE50}.Release|x64.ActiveCfg = Release|Any CPU
		{41096952-4A0D-45E8-9D2E-85A81BF4BE50}.Release|x64.Build.0 = Release|Any CPU
		{41096952-4A0D-45E8-9D2E-85A81BF4BE50}.Release|x86.ActiveCfg = Release|Any CPU
		{41096952-4A0D-45E8-9D2E-85A81BF4BE50}.Release|x86.Build.0 = Release|Any CPU
		{BC3EC002-42E8-4147-B5FE-40E19E3DF505}.Debug|Any CPU.ActiveCfg = Debug|Any CPU
		{BC3EC002-42E8-4147-B5FE-40E19E3DF505}.Debug|Any CPU.Build.0 = Debug|Any CPU
		{BC3EC002-42E8-4147-B5FE-40E19E3DF505}.Debug|x64.ActiveCfg = Debug|Any CPU
		{BC3EC002-42E8-4147-B5FE-40E19E3DF505}.Debug|x64.Build.0 = Debug|Any CPU
		{BC3EC002-42E8-4147-B5FE-40E19E3DF505}.Debug|x86.ActiveCfg = Debug|Any CPU
		{BC3EC002-42E8-4147-B5FE-40E19E3DF505}.Debug|x86.Build.0 = Debug|Any CPU
		{BC3EC002-42E8-4147-B5FE-40E19E3DF505}.Release|Any CPU.ActiveCfg = Release|Any CPU
		{BC3EC002-42E8-4147-B5FE-40E19E3DF505}.Release|Any CPU.Build.0 = Release|Any CPU
		{BC3EC002-42E8-4147-B5FE-40E19E3DF505}.Release|x64.ActiveCfg = Release|Any CPU
		{BC3EC002-42E8-4147-B5FE-40E19E3DF505}.Release|x64.Build.0 = Release|Any CPU
		{BC3EC002-42E8-4147-B5FE-40E19E3DF505}.Release|x86.ActiveCfg = Release|Any CPU
		{BC3EC002-42E8-4147-B5FE-40E19E3DF505}.Release|x86.Build.0 = Release|Any CPU
		{A79C3B45-177F-4289-BA5C-A3E014AF5002}.Debug|Any CPU.ActiveCfg = Debug|Any CPU
		{A79C3B45-177F-4289-BA5C-A3E014AF5002}.Debug|Any CPU.Build.0 = Debug|Any CPU
		{A79C3B45-177F-4289-BA5C-A3E014AF5002}.Debug|x64.ActiveCfg = Debug|Any CPU
		{A79C3B45-177F-4289-BA5C-A3E014AF5002}.Debug|x64.Build.0 = Debug|Any CPU
		{A79C3B45-177F-4289-BA5C-A3E014AF5002}.Debug|x86.ActiveCfg = Debug|Any CPU
		{A79C3B45-177F-4289-BA5C-A3E014AF5002}.Debug|x86.Build.0 = Debug|Any CPU
		{A79C3B45-177F-4289-BA5C-A3E014AF5002}.Release|Any CPU.ActiveCfg = Release|Any CPU
		{A79C3B45-177F-4289-BA5C-A3E014AF5002}.Release|Any CPU.Build.0 = Release|Any CPU
		{A79C3B45-177F-4289-BA5C-A3E014AF5002}.Release|x64.ActiveCfg = Release|Any CPU
		{A79C3B45-177F-4289-BA5C-A3E014AF5002}.Release|x64.Build.0 = Release|Any CPU
		{A79C3B45-177F-4289-BA5C-A3E014AF5002}.Release|x86.ActiveCfg = Release|Any CPU
		{A79C3B45-177F-4289-BA5C-A3E014AF5002}.Release|x86.Build.0 = Release|Any CPU
		{284B9051-63CE-48EE-B53D-B5C9E28AFED5}.Debug|Any CPU.ActiveCfg = Debug|Any CPU
		{284B9051-63CE-48EE-B53D-B5C9E28AFED5}.Debug|Any CPU.Build.0 = Debug|Any CPU
		{284B9051-63CE-48EE-B53D-B5C9E28AFED5}.Debug|x64.ActiveCfg = Debug|Any CPU
		{284B9051-63CE-48EE-B53D-B5C9E28AFED5}.Debug|x64.Build.0 = Debug|Any CPU
		{284B9051-63CE-48EE-B53D-B5C9E28AFED5}.Debug|x86.ActiveCfg = Debug|Any CPU
		{284B9051-63CE-48EE-B53D-B5C9E28AFED5}.Debug|x86.Build.0 = Debug|Any CPU
		{284B9051-63CE-48EE-B53D-B5C9E28AFED5}.Release|Any CPU.ActiveCfg = Release|Any CPU
		{284B9051-63CE-48EE-B53D-B5C9E28AFED5}.Release|Any CPU.Build.0 = Release|Any CPU
		{284B9051-63CE-48EE-B53D-B5C9E28AFED5}.Release|x64.ActiveCfg = Release|Any CPU
		{284B9051-63CE-48EE-B53D-B5C9E28AFED5}.Release|x64.Build.0 = Release|Any CPU
		{284B9051-63CE-48EE-B53D-B5C9E28AFED5}.Release|x86.ActiveCfg = Release|Any CPU
		{284B9051-63CE-48EE-B53D-B5C9E28AFED5}.Release|x86.Build.0 = Release|Any CPU
		{A1C26D1A-23AB-43B7-8E39-DB5DF5303601}.Debug|Any CPU.ActiveCfg = Debug|Any CPU
		{A1C26D1A-23AB-43B7-8E39-DB5DF5303601}.Debug|Any CPU.Build.0 = Debug|Any CPU
		{A1C26D1A-23AB-43B7-8E39-DB5DF5303601}.Debug|x64.ActiveCfg = Debug|Any CPU
		{A1C26D1A-23AB-43B7-8E39-DB5DF5303601}.Debug|x64.Build.0 = Debug|Any CPU
		{A1C26D1A-23AB-43B7-8E39-DB5DF5303601}.Debug|x86.ActiveCfg = Debug|Any CPU
		{A1C26D1A-23AB-43B7-8E39-DB5DF5303601}.Debug|x86.Build.0 = Debug|Any CPU
		{A1C26D1A-23AB-43B7-8E39-DB5DF5303601}.Release|Any CPU.ActiveCfg = Release|Any CPU
		{A1C26D1A-23AB-43B7-8E39-DB5DF5303601}.Release|Any CPU.Build.0 = Release|Any CPU
		{A1C26D1A-23AB-43B7-8E39-DB5DF5303601}.Release|x64.ActiveCfg = Release|Any CPU
		{A1C26D1A-23AB-43B7-8E39-DB5DF5303601}.Release|x64.Build.0 = Release|Any CPU
		{A1C26D1A-23AB-43B7-8E39-DB5DF5303601}.Release|x86.ActiveCfg = Release|Any CPU
		{A1C26D1A-23AB-43B7-8E39-DB5DF5303601}.Release|x86.Build.0 = Release|Any CPU
	EndGlobalSection
	GlobalSection(SolutionProperties) = preSolution
		HideSolutionNode = FALSE
	EndGlobalSection
	GlobalSection(NestedProjects) = preSolution
		{07D810AD-32DE-4CF9-B0AD-8B29B13265C6} = {BFF2F710-0E81-4CA4-8142-863202F8EEF9}
		{04D65ED7-6EDF-4CCF-B14A-1E734AEA9BA5} = {07D810AD-32DE-4CF9-B0AD-8B29B13265C6}
		{41096952-4A0D-45E8-9D2E-85A81BF4BE50} = {07D810AD-32DE-4CF9-B0AD-8B29B13265C6}
		{BC3EC002-42E8-4147-B5FE-40E19E3DF505} = {07D810AD-32DE-4CF9-B0AD-8B29B13265C6}
		{A79C3B45-177F-4289-BA5C-A3E014AF5002} = {07D810AD-32DE-4CF9-B0AD-8B29B13265C6}
		{DE889690-0C15-4A8C-0E26-9A156ECB6F49} = {07D810AD-32DE-4CF9-B0AD-8B29B13265C6}
		{637FB9B2-244F-88BD-849D-39BEA861AE8B} = {07D810AD-32DE-4CF9-B0AD-8B29B13265C6}
		{284B9051-63CE-48EE-B53D-B5C9E28AFED5} = {DE889690-0C15-4A8C-0E26-9A156ECB6F49}
		{A1C26D1A-23AB-43B7-8E39-DB5DF5303601} = {DE889690-0C15-4A8C-0E26-9A156ECB6F49}
	EndGlobalSection
EndGlobal
