
Microsoft Visual Studio Solution File, Format Version 12.00
# Visual Studio Version 17
VisualStudioVersion = 17.0.31903.59
MinimumVisualStudioVersion = 10.0.40219.1
Project("{2150E333-8FDC-42A3-9474-1A3956D46DE8}") = "Backend", "Backend", "{B168C726-7D61-441A-931E-51035D519EE0}"
EndProject
Project("{2150E333-8FDC-42A3-9474-1A3956D46DE8}") = "src", "src", "{BA2A48D0-A92E-48A2-BC55-AD0D18871C94}"
EndProject
Project("{2150E333-8FDC-42A3-9474-1A3956D46DE8}") = "Mobile", "Mobile", "{487107F1-CA78-4492-BA86-03F290D5B4C7}"
EndProject
Project("{2150E333-8FDC-42A3-9474-1A3956D46DE8}") = "tests", "tests", "{C5D74362-C8BB-4EE2-B6D9-8B4F9BD5C629}"
EndProject
Project("{FAE04EC0-301F-11D3-BF4B-00C04F79EFBC}") = "GodRiftGG.API", "src\Backend\GodRift.API\GodRiftGG.API.csproj", "{48E65E76-62AD-45C8-8CA0-E2E3090F2B0C}"
EndProject
Project("{FAE04EC0-301F-11D3-BF4B-00C04F79EFBC}") = "GodRiftGG.Application", "src\Backend\GodRift.Application\GodRiftGG.Application.csproj", "{22B67CBE-9B55-4903-9F6C-7C10183EB5FC}"
EndProject
Project("{2150E333-8FDC-42A3-9474-1A3956D46DE8}") = "Shared", "Shared", "{742F9615-4EB6-404C-BB70-BEE230494987}"
EndProject
Project("{FAE04EC0-301F-11D3-BF4B-00C04F79EFBC}") = "GodRiftGG.Communication", "src\Shared\GodRiftGG.Communication\GodRiftGG.Communication.csproj", "{EDBA9703-799B-4669-99FC-EF29F1C959EA}"
EndProject
Project("{FAE04EC0-301F-11D3-BF4B-00C04F79EFBC}") = "GodRiftGG.Exceptions", "src\Shared\GodRiftGG.Exceptions\GodRiftGG.Exceptions.csproj", "{5C240439-CC71-4021-B2A6-17B31263BD53}"
EndProject
Project("{FAE04EC0-301F-11D3-BF4B-00C04F79EFBC}") = "GodRiftGG.Infrastructure", "src\Backend\GodRiftGG.Infrastructure\GodRiftGG.Infrastructure.csproj", "{F689BFEA-6B15-46E6-B53D-CA2D38C70BFF}"
EndProject
Project("{FAE04EC0-301F-11D3-BF4B-00C04F79EFBC}") = "GodRiftGG.Domain", "src\Backend\GodRiftGG.Domain\GodRiftGG.Domain.csproj", "{94A7D6F1-0210-438A-92D5-59E5F9BA52C8}"
EndProject
Global
	GlobalSection(SolutionConfigurationPlatforms) = preSolution
		Debug|Any CPU = Debug|Any CPU
		Debug|x64 = Debug|x64
		Debug|x86 = Debug|x86
		Release|Any CPU = Release|Any CPU
		Release|x64 = Release|x64
		Release|x86 = Release|x86
	EndGlobalSection
	GlobalSection(ProjectConfigurationPlatforms) = postSolution
		{48E65E76-62AD-45C8-8CA0-E2E3090F2B0C}.Debug|Any CPU.ActiveCfg = Debug|Any CPU
		{48E65E76-62AD-45C8-8CA0-E2E3090F2B0C}.Debug|Any CPU.Build.0 = Debug|Any CPU
		{48E65E76-62AD-45C8-8CA0-E2E3090F2B0C}.Debug|x64.ActiveCfg = Debug|Any CPU
		{48E65E76-62AD-45C8-8CA0-E2E3090F2B0C}.Debug|x64.Build.0 = Debug|Any CPU
		{48E65E76-62AD-45C8-8CA0-E2E3090F2B0C}.Debug|x86.ActiveCfg = Debug|Any CPU
		{48E65E76-62AD-45C8-8CA0-E2E3090F2B0C}.Debug|x86.Build.0 = Debug|Any CPU
		{48E65E76-62AD-45C8-8CA0-E2E3090F2B0C}.Release|Any CPU.ActiveCfg = Release|Any CPU
		{48E65E76-62AD-45C8-8CA0-E2E3090F2B0C}.Release|Any CPU.Build.0 = Release|Any CPU
		{48E65E76-62AD-45C8-8CA0-E2E3090F2B0C}.Release|x64.ActiveCfg = Release|Any CPU
		{48E65E76-62AD-45C8-8CA0-E2E3090F2B0C}.Release|x64.Build.0 = Release|Any CPU
		{48E65E76-62AD-45C8-8CA0-E2E3090F2B0C}.Release|x86.ActiveCfg = Release|Any CPU
		{48E65E76-62AD-45C8-8CA0-E2E3090F2B0C}.Release|x86.Build.0 = Release|Any CPU
		{22B67CBE-9B55-4903-9F6C-7C10183EB5FC}.Debug|Any CPU.ActiveCfg = Debug|Any CPU
		{22B67CBE-9B55-4903-9F6C-7C10183EB5FC}.Debug|Any CPU.Build.0 = Debug|Any CPU
		{22B67CBE-9B55-4903-9F6C-7C10183EB5FC}.Debug|x64.ActiveCfg = Debug|Any CPU
		{22B67CBE-9B55-4903-9F6C-7C10183EB5FC}.Debug|x64.Build.0 = Debug|Any CPU
		{22B67CBE-9B55-4903-9F6C-7C10183EB5FC}.Debug|x86.ActiveCfg = Debug|Any CPU
		{22B67CBE-9B55-4903-9F6C-7C10183EB5FC}.Debug|x86.Build.0 = Debug|Any CPU
		{22B67CBE-9B55-4903-9F6C-7C10183EB5FC}.Release|Any CPU.ActiveCfg = Release|Any CPU
		{22B67CBE-9B55-4903-9F6C-7C10183EB5FC}.Release|Any CPU.Build.0 = Release|Any CPU
		{22B67CBE-9B55-4903-9F6C-7C10183EB5FC}.Release|x64.ActiveCfg = Release|Any CPU
		{22B67CBE-9B55-4903-9F6C-7C10183EB5FC}.Release|x64.Build.0 = Release|Any CPU
		{22B67CBE-9B55-4903-9F6C-7C10183EB5FC}.Release|x86.ActiveCfg = Release|Any CPU
		{22B67CBE-9B55-4903-9F6C-7C10183EB5FC}.Release|x86.Build.0 = Release|Any CPU
		{EDBA9703-799B-4669-99FC-EF29F1C959EA}.Debug|Any CPU.ActiveCfg = Debug|Any CPU
		{EDBA9703-799B-4669-99FC-EF29F1C959EA}.Debug|Any CPU.Build.0 = Debug|Any CPU
		{EDBA9703-799B-4669-99FC-EF29F1C959EA}.Debug|x64.ActiveCfg = Debug|Any CPU
		{EDBA9703-799B-4669-99FC-EF29F1C959EA}.Debug|x64.Build.0 = Debug|Any CPU
		{EDBA9703-799B-4669-99FC-EF29F1C959EA}.Debug|x86.ActiveCfg = Debug|Any CPU
		{EDBA9703-799B-4669-99FC-EF29F1C959EA}.Debug|x86.Build.0 = Debug|Any CPU
		{EDBA9703-799B-4669-99FC-EF29F1C959EA}.Release|Any CPU.ActiveCfg = Release|Any CPU
		{EDBA9703-799B-4669-99FC-EF29F1C959EA}.Release|Any CPU.Build.0 = Release|Any CPU
		{EDBA9703-799B-4669-99FC-EF29F1C959EA}.Release|x64.ActiveCfg = Release|Any CPU
		{EDBA9703-799B-4669-99FC-EF29F1C959EA}.Release|x64.Build.0 = Release|Any CPU
		{EDBA9703-799B-4669-99FC-EF29F1C959EA}.Release|x86.ActiveCfg = Release|Any CPU
		{EDBA9703-799B-4669-99FC-EF29F1C959EA}.Release|x86.Build.0 = Release|Any CPU
		{5C240439-CC71-4021-B2A6-17B31263BD53}.Debug|Any CPU.ActiveCfg = Debug|Any CPU
		{5C240439-CC71-4021-B2A6-17B31263BD53}.Debug|Any CPU.Build.0 = Debug|Any CPU
		{5C240439-CC71-4021-B2A6-17B31263BD53}.Debug|x64.ActiveCfg = Debug|Any CPU
		{5C240439-CC71-4021-B2A6-17B31263BD53}.Debug|x64.Build.0 = Debug|Any CPU
		{5C240439-CC71-4021-B2A6-17B31263BD53}.Debug|x86.ActiveCfg = Debug|Any CPU
		{5C240439-CC71-4021-B2A6-17B31263BD53}.Debug|x86.Build.0 = Debug|Any CPU
		{5C240439-CC71-4021-B2A6-17B31263BD53}.Release|Any CPU.ActiveCfg = Release|Any CPU
		{5C240439-CC71-4021-B2A6-17B31263BD53}.Release|Any CPU.Build.0 = Release|Any CPU
		{5C240439-CC71-4021-B2A6-17B31263BD53}.Release|x64.ActiveCfg = Release|Any CPU
		{5C240439-CC71-4021-B2A6-17B31263BD53}.Release|x64.Build.0 = Release|Any CPU
		{5C240439-CC71-4021-B2A6-17B31263BD53}.Release|x86.ActiveCfg = Release|Any CPU
		{5C240439-CC71-4021-B2A6-17B31263BD53}.Release|x86.Build.0 = Release|Any CPU
		{F689BFEA-6B15-46E6-B53D-CA2D38C70BFF}.Debug|Any CPU.ActiveCfg = Debug|Any CPU
		{F689BFEA-6B15-46E6-B53D-CA2D38C70BFF}.Debug|Any CPU.Build.0 = Debug|Any CPU
		{F689BFEA-6B15-46E6-B53D-CA2D38C70BFF}.Debug|x64.ActiveCfg = Debug|Any CPU
		{F689BFEA-6B15-46E6-B53D-CA2D38C70BFF}.Debug|x64.Build.0 = Debug|Any CPU
		{F689BFEA-6B15-46E6-B53D-CA2D38C70BFF}.Debug|x86.ActiveCfg = Debug|Any CPU
		{F689BFEA-6B15-46E6-B53D-CA2D38C70BFF}.Debug|x86.Build.0 = Debug|Any CPU
		{F689BFEA-6B15-46E6-B53D-CA2D38C70BFF}.Release|Any CPU.ActiveCfg = Release|Any CPU
		{F689BFEA-6B15-46E6-B53D-CA2D38C70BFF}.Release|Any CPU.Build.0 = Release|Any CPU
		{F689BFEA-6B15-46E6-B53D-CA2D38C70BFF}.Release|x64.ActiveCfg = Release|Any CPU
		{F689BFEA-6B15-46E6-B53D-CA2D38C70BFF}.Release|x64.Build.0 = Release|Any CPU
		{F689BFEA-6B15-46E6-B53D-CA2D38C70BFF}.Release|x86.ActiveCfg = Release|Any CPU
		{F689BFEA-6B15-46E6-B53D-CA2D38C70BFF}.Release|x86.Build.0 = Release|Any CPU
		{94A7D6F1-0210-438A-92D5-59E5F9BA52C8}.Debug|Any CPU.ActiveCfg = Debug|Any CPU
		{94A7D6F1-0210-438A-92D5-59E5F9BA52C8}.Debug|Any CPU.Build.0 = Debug|Any CPU
		{94A7D6F1-0210-438A-92D5-59E5F9BA52C8}.Debug|x64.ActiveCfg = Debug|Any CPU
		{94A7D6F1-0210-438A-92D5-59E5F9BA52C8}.Debug|x64.Build.0 = Debug|Any CPU
		{94A7D6F1-0210-438A-92D5-59E5F9BA52C8}.Debug|x86.ActiveCfg = Debug|Any CPU
		{94A7D6F1-0210-438A-92D5-59E5F9BA52C8}.Debug|x86.Build.0 = Debug|Any CPU
		{94A7D6F1-0210-438A-92D5-59E5F9BA52C8}.Release|Any CPU.ActiveCfg = Release|Any CPU
		{94A7D6F1-0210-438A-92D5-59E5F9BA52C8}.Release|Any CPU.Build.0 = Release|Any CPU
		{94A7D6F1-0210-438A-92D5-59E5F9BA52C8}.Release|x64.ActiveCfg = Release|Any CPU
		{94A7D6F1-0210-438A-92D5-59E5F9BA52C8}.Release|x64.Build.0 = Release|Any CPU
		{94A7D6F1-0210-438A-92D5-59E5F9BA52C8}.Release|x86.ActiveCfg = Release|Any CPU
		{94A7D6F1-0210-438A-92D5-59E5F9BA52C8}.Release|x86.Build.0 = Release|Any CPU
	EndGlobalSection
	GlobalSection(SolutionProperties) = preSolution
		HideSolutionNode = FALSE
	EndGlobalSection
	GlobalSection(NestedProjects) = preSolution
		{B168C726-7D61-441A-931E-51035D519EE0} = {BA2A48D0-A92E-48A2-BC55-AD0D18871C94}
		{487107F1-CA78-4492-BA86-03F290D5B4C7} = {BA2A48D0-A92E-48A2-BC55-AD0D18871C94}
		{C5D74362-C8BB-4EE2-B6D9-8B4F9BD5C629} = {BA2A48D0-A92E-48A2-BC55-AD0D18871C94}
		{48E65E76-62AD-45C8-8CA0-E2E3090F2B0C} = {B168C726-7D61-441A-931E-51035D519EE0}
		{22B67CBE-9B55-4903-9F6C-7C10183EB5FC} = {B168C726-7D61-441A-931E-51035D519EE0}
		{742F9615-4EB6-404C-BB70-BEE230494987} = {BA2A48D0-A92E-48A2-BC55-AD0D18871C94}
		{EDBA9703-799B-4669-99FC-EF29F1C959EA} = {742F9615-4EB6-404C-BB70-BEE230494987}
		{5C240439-CC71-4021-B2A6-17B31263BD53} = {742F9615-4EB6-404C-BB70-BEE230494987}
		{F689BFEA-6B15-46E6-B53D-CA2D38C70BFF} = {B168C726-7D61-441A-931E-51035D519EE0}
		{94A7D6F1-0210-438A-92D5-59E5F9BA52C8} = {B168C726-7D61-441A-931E-51035D519EE0}
	EndGlobalSection
EndGlobal
